
Microsoft Visual Studio Solution File, Format Version 12.00
# Visual Studio Version 17
VisualStudioVersion = 17.11.35219.272
MinimumVisualStudioVersion = 10.0.40219.1
Project("{FAE04EC0-301F-11D3-BF4B-00C04F79EFBC}") = "InventoryManagementSystem1", "InventoryManagementSystem1\InventoryManagementSystem1.csproj", "{3882E8D1-AA2B-47B9-82CE-2FB03AF6EAFF}"
EndProject
Global
	GlobalSection(SolutionConfigurationPlatforms) = preSolution
		Debug|Any CPU = Debug|Any CPU
		Release|Any CPU = Release|Any CPU
	EndGlobalSection
	GlobalSection(ProjectConfigurationPlatforms) = postSolution
		{3882E8D1-AA2B-47B9-82CE-2FB03AF6EAFF}.Debug|Any CPU.ActiveCfg = Debug|Any CPU
		{3882E8D1-AA2B-47B9-82CE-2FB03AF6EAFF}.Debug|Any CPU.Build.0 = Debug|Any CPU
		{3882E8D1-AA2B-47B9-82CE-2FB03AF6EAFF}.Release|Any CPU.ActiveCfg = Release|Any CPU
		{3882E8D1-AA2B-47B9-82CE-2FB03AF6EAFF}.Release|Any CPU.Build.0 = Release|Any CPU
	EndGlobalSection
	GlobalSection(SolutionProperties) = preSolution
		HideSolutionNode = FALSE
	EndGlobalSection
	GlobalSection(ExtensibilityGlobals) = postSolution
		SolutionGuid = {C5BA25B0-EFE6-44C3-B275-73AB9B0A5A3E}
	EndGlobalSection
EndGlobal
